
Microsoft Visual Studio Solution File, Format Version 12.00
# Visual Studio Version 17
VisualStudioVersion = 17.9.34728.123
MinimumVisualStudioVersion = 10.0.40219.1
Project("{FAE04EC0-301F-11D3-BF4B-00C04F79EFBC}") = "ConsoleApp2", "ConsoleApp2\ConsoleApp2.csproj", "{89D93139-37CC-4668-A037-70621DD3F970}"
EndProject
Global
	GlobalSection(SolutionConfigurationPlatforms) = preSolution
		Debug|Any CPU = Debug|Any CPU
		Release|Any CPU = Release|Any CPU
	EndGlobalSection
	GlobalSection(ProjectConfigurationPlatforms) = postSolution
		{89D93139-37CC-4668-A037-70621DD3F970}.Debug|Any CPU.ActiveCfg = Debug|Any CPU
		{89D93139-37CC-4668-A037-70621DD3F970}.Debug|Any CPU.Build.0 = Debug|Any CPU
		{89D93139-37CC-4668-A037-70621DD3F970}.Release|Any CPU.ActiveCfg = Release|Any CPU
		{89D93139-37CC-4668-A037-70621DD3F970}.Release|Any CPU.Build.0 = Release|Any CPU
	EndGlobalSection
	GlobalSection(SolutionProperties) = preSolution
		HideSolutionNode = FALSE
	EndGlobalSection
	GlobalSection(ExtensibilityGlobals) = postSolution
		SolutionGuid = {63799902-2EF7-433B-B944-F9B88B443311}
	EndGlobalSection
EndGlobal
